
Microsoft Visual Studio Solution File, Format Version 12.00
# Visual Studio Version 16
VisualStudioVersion = 16.0.29326.143
MinimumVisualStudioVersion = 10.0.40219.1
Project("{FAE04EC0-301F-11D3-BF4B-00C04F79EFBC}") = "Vue Application", "Vue Application\Vue Application.csproj", "{0DDBB69D-731B-442C-983B-503996E933BE}"
EndProject
Global
	GlobalSection(SolutionConfigurationPlatforms) = preSolution
		Debug|Any CPU = Debug|Any CPU
		Release|Any CPU = Release|Any CPU
	EndGlobalSection
	GlobalSection(ProjectConfigurationPlatforms) = postSolution
		{0DDBB69D-731B-442C-983B-503996E933BE}.Debug|Any CPU.ActiveCfg = Debug|Any CPU
		{0DDBB69D-731B-442C-983B-503996E933BE}.Debug|Any CPU.Build.0 = Debug|Any CPU
		{0DDBB69D-731B-442C-983B-503996E933BE}.Release|Any CPU.ActiveCfg = Release|Any CPU
		{0DDBB69D-731B-442C-983B-503996E933BE}.Release|Any CPU.Build.0 = Release|Any CPU
	EndGlobalSection
	GlobalSection(SolutionProperties) = preSolution
		HideSolutionNode = FALSE
	EndGlobalSection
	GlobalSection(ExtensibilityGlobals) = postSolution
		SolutionGuid = {E8190177-4C43-4BA4-A4CD-8C68EEEC2591}
	EndGlobalSection
EndGlobal
